// !$*UTF8*$!
{
	archiveVersion = 1;
	classes = {
	};
	objectVersion = 46;
	objects = {

/* Begin PBXBuildFile section */
		6D84FEB918BC951700BBBAD1 /* DialogViewController.m in Sources */ = {isa = PBXBuildFile; fileRef = 6D84FEB718BC951700BBBAD1 /* DialogViewController.m */; };
		6D84FEBA18BC951700BBBAD1 /* DialogViewController.xib in Resources */ = {isa = PBXBuildFile; fileRef = 6D84FEB818BC951700BBBAD1 /* DialogViewController.xib */; };
		6D84FEBD18BC983900BBBAD1 /* UIView+AutoLayout.m in Sources */ = {isa = PBXBuildFile; fileRef = 6D84FEBC18BC983900BBBAD1 /* UIView+AutoLayout.m */; };
		6DB9946918BBA600006ECE67 /* Foundation.framework in Frameworks */ = {isa = PBXBuildFile; fileRef = 6DB9946818BBA600006ECE67 /* Foundation.framework */; };
		6DB9946B18BBA600006ECE67 /* CoreGraphics.framework in Frameworks */ = {isa = PBXBuildFile; fileRef = 6DB9946A18BBA600006ECE67 /* CoreGraphics.framework */; };
		6DB9946D18BBA600006ECE67 /* UIKit.framework in Frameworks */ = {isa = PBXBuildFile; fileRef = 6DB9946C18BBA600006ECE67 /* UIKit.framework */; };
		6DB9947318BBA600006ECE67 /* InfoPlist.strings in Resources */ = {isa = PBXBuildFile; fileRef = 6DB9947118BBA600006ECE67 /* InfoPlist.strings */; };
		6DB9947518BBA600006ECE67 /* main.m in Sources */ = {isa = PBXBuildFile; fileRef = 6DB9947418BBA600006ECE67 /* main.m */; };
		6DB9947918BBA600006ECE67 /* AppDelegate.m in Sources */ = {isa = PBXBuildFile; fileRef = 6DB9947818BBA600006ECE67 /* AppDelegate.m */; };
		6DB9947C18BBA600006ECE67 /* Main_iPhone.storyboard in Resources */ = {isa = PBXBuildFile; fileRef = 6DB9947A18BBA600006ECE67 /* Main_iPhone.storyboard */; };
		6DB9948218BBA600006ECE67 /* ViewController.m in Sources */ = {isa = PBXBuildFile; fileRef = 6DB9948118BBA600006ECE67 /* ViewController.m */; };
		6DB9948418BBA600006ECE67 /* Images.xcassets in Resources */ = {isa = PBXBuildFile; fileRef = 6DB9948318BBA600006ECE67 /* Images.xcassets */; };
		6DB9948B18BBA601006ECE67 /* XCTest.framework in Frameworks */ = {isa = PBXBuildFile; fileRef = 6DB9948A18BBA601006ECE67 /* XCTest.framework */; };
		6DB9948C18BBA601006ECE67 /* Foundation.framework in Frameworks */ = {isa = PBXBuildFile; fileRef = 6DB9946818BBA600006ECE67 /* Foundation.framework */; };
		6DB9948D18BBA601006ECE67 /* UIKit.framework in Frameworks */ = {isa = PBXBuildFile; fileRef = 6DB9946C18BBA600006ECE67 /* UIKit.framework */; };
		DAB5C85D18C4BBA600C94CB0 /* AlertView.m in Sources */ = {isa = PBXBuildFile; fileRef = DAB5C85C18C4BBA600C94CB0 /* AlertView.m */; };
		DAB5C85F18C4BC8800C94CB0 /* AlertView.xib in Resources */ = {isa = PBXBuildFile; fileRef = DAB5C85E18C4BC8800C94CB0 /* AlertView.xib */; };
/* End PBXBuildFile section */

/* Begin PBXContainerItemProxy section */
		6DB9948E18BBA601006ECE67 /* PBXContainerItemProxy */ = {
			isa = PBXContainerItemProxy;
			containerPortal = 6DB9945D18BBA600006ECE67 /* Project object */;
			proxyType = 1;
			remoteGlobalIDString = 6DB9946418BBA600006ECE67;
			remoteInfo = testautolayout;
		};
/* End PBXContainerItemProxy section */

/* Begin PBXFileReference section */
		6D84FEB618BC951700BBBAD1 /* DialogViewController.h */ = {isa = PBXFileReference; fileEncoding = 4; lastKnownFileType = sourcecode.c.h; path = DialogViewController.h; sourceTree = "<group>"; };
		6D84FEB718BC951700BBBAD1 /* DialogViewController.m */ = {isa = PBXFileReference; fileEncoding = 4; lastKnownFileType = sourcecode.c.objc; path = DialogViewController.m; sourceTree = "<group>"; };
		6D84FEB818BC951700BBBAD1 /* DialogViewController.xib */ = {isa = PBXFileReference; fileEncoding = 4; lastKnownFileType = file.xib; path = DialogViewController.xib; sourceTree = "<group>"; };
		6D84FEBB18BC983900BBBAD1 /* UIView+AutoLayout.h */ = {isa = PBXFileReference; fileEncoding = 4; lastKnownFileType = sourcecode.c.h; path = "UIView+AutoLayout.h"; sourceTree = "<group>"; };
		6D84FEBC18BC983900BBBAD1 /* UIView+AutoLayout.m */ = {isa = PBXFileReference; fileEncoding = 4; lastKnownFileType = sourcecode.c.objc; path = "UIView+AutoLayout.m"; sourceTree = "<group>"; };
		6DB9946518BBA600006ECE67 /* testautolayout.app */ = {isa = PBXFileReference; explicitFileType = wrapper.application; includeInIndex = 0; path = testautolayout.app; sourceTree = BUILT_PRODUCTS_DIR; };
		6DB9946818BBA600006ECE67 /* Foundation.framework */ = {isa = PBXFileReference; lastKnownFileType = wrapper.framework; name = Foundation.framework; path = System/Library/Frameworks/Foundation.framework; sourceTree = SDKROOT; };
		6DB9946A18BBA600006ECE67 /* CoreGraphics.framework */ = {isa = PBXFileReference; lastKnownFileType = wrapper.framework; name = CoreGraphics.framework; path = System/Library/Frameworks/CoreGraphics.framework; sourceTree = SDKROOT; };
		6DB9946C18BBA600006ECE67 /* UIKit.framework */ = {isa = PBXFileReference; lastKnownFileType = wrapper.framework; name = UIKit.framework; path = System/Library/Frameworks/UIKit.framework; sourceTree = SDKROOT; };
		6DB9947018BBA600006ECE67 /* testautolayout-Info.plist */ = {isa = PBXFileReference; lastKnownFileType = text.plist.xml; path = "testautolayout-Info.plist"; sourceTree = "<group>"; };
		6DB9947218BBA600006ECE67 /* en */ = {isa = PBXFileReference; lastKnownFileType = text.plist.strings; name = en; path = en.lproj/InfoPlist.strings; sourceTree = "<group>"; };
		6DB9947418BBA600006ECE67 /* main.m */ = {isa = PBXFileReference; lastKnownFileType = sourcecode.c.objc; path = main.m; sourceTree = "<group>"; };
		6DB9947618BBA600006ECE67 /* testautolayout-Prefix.pch */ = {isa = PBXFileReference; lastKnownFileType = sourcecode.c.h; path = "testautolayout-Prefix.pch"; sourceTree = "<group>"; };
		6DB9947718BBA600006ECE67 /* AppDelegate.h */ = {isa = PBXFileReference; lastKnownFileType = sourcecode.c.h; path = AppDelegate.h; sourceTree = "<group>"; };
		6DB9947818BBA600006ECE67 /* AppDelegate.m */ = {isa = PBXFileReference; lastKnownFileType = sourcecode.c.objc; path = AppDelegate.m; sourceTree = "<group>"; };
		6DB9947B18BBA600006ECE67 /* Base */ = {isa = PBXFileReference; lastKnownFileType = file.storyboard; name = Base; path = Base.lproj/Main_iPhone.storyboard; sourceTree = "<group>"; };
		6DB9948018BBA600006ECE67 /* ViewController.h */ = {isa = PBXFileReference; lastKnownFileType = sourcecode.c.h; path = ViewController.h; sourceTree = "<group>"; };
		6DB9948118BBA600006ECE67 /* ViewController.m */ = {isa = PBXFileReference; lastKnownFileType = sourcecode.c.objc; path = ViewController.m; sourceTree = "<group>"; };
		6DB9948318BBA600006ECE67 /* Images.xcassets */ = {isa = PBXFileReference; lastKnownFileType = folder.assetcatalog; path = Images.xcassets; sourceTree = "<group>"; };
		6DB9948918BBA601006ECE67 /* testautolayoutTests.xctest */ = {isa = PBXFileReference; explicitFileType = wrapper.cfbundle; includeInIndex = 0; path = testautolayoutTests.xctest; sourceTree = BUILT_PRODUCTS_DIR; };
		6DB9948A18BBA601006ECE67 /* XCTest.framework */ = {isa = PBXFileReference; lastKnownFileType = wrapper.framework; name = XCTest.framework; path = Library/Frameworks/XCTest.framework; sourceTree = DEVELOPER_DIR; };
		DAB5C85B18C4BBA600C94CB0 /* AlertView.h */ = {isa = PBXFileReference; fileEncoding = 4; lastKnownFileType = sourcecode.c.h; path = AlertView.h; sourceTree = "<group>"; };
		DAB5C85C18C4BBA600C94CB0 /* AlertView.m */ = {isa = PBXFileReference; fileEncoding = 4; lastKnownFileType = sourcecode.c.objc; path = AlertView.m; sourceTree = "<group>"; };
		DAB5C85E18C4BC8800C94CB0 /* AlertView.xib */ = {isa = PBXFileReference; fileEncoding = 4; lastKnownFileType = file.xib; path = AlertView.xib; sourceTree = "<group>"; };
/* End PBXFileReference section */

/* Begin PBXFrameworksBuildPhase section */
		6DB9946218BBA600006ECE67 /* Frameworks */ = {
			isa = PBXFrameworksBuildPhase;
			buildActionMask = 2147483647;
			files = (
				6DB9946B18BBA600006ECE67 /* CoreGraphics.framework in Frameworks */,
				6DB9946D18BBA600006ECE67 /* UIKit.framework in Frameworks */,
				6DB9946918BBA600006ECE67 /* Foundation.framework in Frameworks */,
			);
			runOnlyForDeploymentPostprocessing = 0;
		};
		6DB9948618BBA601006ECE67 /* Frameworks */ = {
			isa = PBXFrameworksBuildPhase;
			buildActionMask = 2147483647;
			files = (
				6DB9948B18BBA601006ECE67 /* XCTest.framework in Frameworks */,
				6DB9948D18BBA601006ECE67 /* UIKit.framework in Frameworks */,
				6DB9948C18BBA601006ECE67 /* Foundation.framework in Frameworks */,
			);
			runOnlyForDeploymentPostprocessing = 0;
		};
/* End PBXFrameworksBuildPhase section */

/* Begin PBXGroup section */
		6DB9945C18BBA600006ECE67 = {
			isa = PBXGroup;
			children = (
				6DB9946E18BBA600006ECE67 /* testautolayout */,
				6DB9946718BBA600006ECE67 /* Frameworks */,
				6DB9946618BBA600006ECE67 /* Products */,
			);
			sourceTree = "<group>";
		};
		6DB9946618BBA600006ECE67 /* Products */ = {
			isa = PBXGroup;
			children = (
				6DB9946518BBA600006ECE67 /* testautolayout.app */,
				6DB9948918BBA601006ECE67 /* testautolayoutTests.xctest */,
			);
			name = Products;
			sourceTree = "<group>";
		};
		6DB9946718BBA600006ECE67 /* Frameworks */ = {
			isa = PBXGroup;
			children = (
				6DB9946818BBA600006ECE67 /* Foundation.framework */,
				6DB9946A18BBA600006ECE67 /* CoreGraphics.framework */,
				6DB9946C18BBA600006ECE67 /* UIKit.framework */,
				6DB9948A18BBA601006ECE67 /* XCTest.framework */,
			);
			name = Frameworks;
			sourceTree = "<group>";
		};
		6DB9946E18BBA600006ECE67 /* testautolayout */ = {
			isa = PBXGroup;
			children = (
				DAB5C85918C4BB8200C94CB0 /* Views */,
				6D84FEBB18BC983900BBBAD1 /* UIView+AutoLayout.h */,
				6D84FEBC18BC983900BBBAD1 /* UIView+AutoLayout.m */,
				6DB9947718BBA600006ECE67 /* AppDelegate.h */,
				6DB9947818BBA600006ECE67 /* AppDelegate.m */,
				6DB9947A18BBA600006ECE67 /* Main_iPhone.storyboard */,
				6DB9948018BBA600006ECE67 /* ViewController.h */,
				6DB9948118BBA600006ECE67 /* ViewController.m */,
				6D84FEB618BC951700BBBAD1 /* DialogViewController.h */,
				6D84FEB718BC951700BBBAD1 /* DialogViewController.m */,
				6D84FEB818BC951700BBBAD1 /* DialogViewController.xib */,
				6DB9948318BBA600006ECE67 /* Images.xcassets */,
				6DB9946F18BBA600006ECE67 /* Supporting Files */,
			);
			path = testautolayout;
			sourceTree = "<group>";
		};
		6DB9946F18BBA600006ECE67 /* Supporting Files */ = {
			isa = PBXGroup;
			children = (
				6DB9947018BBA600006ECE67 /* testautolayout-Info.plist */,
				6DB9947118BBA600006ECE67 /* InfoPlist.strings */,
				6DB9947418BBA600006ECE67 /* main.m */,
				6DB9947618BBA600006ECE67 /* testautolayout-Prefix.pch */,
			);
			name = "Supporting Files";
			sourceTree = "<group>";
		};
		DAB5C85918C4BB8200C94CB0 /* Views */ = {
			isa = PBXGroup;
			children = (
				DAB5C85A18C4BB8B00C94CB0 /* Alert */,
			);
			path = Views;
			sourceTree = "<group>";
		};
		DAB5C85A18C4BB8B00C94CB0 /* Alert */ = {
			isa = PBXGroup;
			children = (
				DAB5C85B18C4BBA600C94CB0 /* AlertView.h */,
				DAB5C85C18C4BBA600C94CB0 /* AlertView.m */,
				DAB5C85E18C4BC8800C94CB0 /* AlertView.xib */,
			);
			path = Alert;
			sourceTree = "<group>";
		};
/* End PBXGroup section */

/* Begin PBXNativeTarget section */
		6DB9946418BBA600006ECE67 /* testautolayout */ = {
			isa = PBXNativeTarget;
			buildConfigurationList = 6DB9949A18BBA601006ECE67 /* Build configuration list for PBXNativeTarget "testautolayout" */;
			buildPhases = (
				6DB9946118BBA600006ECE67 /* Sources */,
				6DB9946218BBA600006ECE67 /* Frameworks */,
				6DB9946318BBA600006ECE67 /* Resources */,
			);
			buildRules = (
			);
			dependencies = (
			);
			name = testautolayout;
			productName = testautolayout;
			productReference = 6DB9946518BBA600006ECE67 /* testautolayout.app */;
			productType = "com.apple.product-type.application";
		};
		6DB9948818BBA601006ECE67 /* testautolayoutTests */ = {
			isa = PBXNativeTarget;
			buildConfigurationList = 6DB9949D18BBA601006ECE67 /* Build configuration list for PBXNativeTarget "testautolayoutTests" */;
			buildPhases = (
				6DB9948518BBA601006ECE67 /* Sources */,
				6DB9948618BBA601006ECE67 /* Frameworks */,
				6DB9948718BBA601006ECE67 /* Resources */,
			);
			buildRules = (
			);
			dependencies = (
				6DB9948F18BBA601006ECE67 /* PBXTargetDependency */,
			);
			name = testautolayoutTests;
			productName = testautolayoutTests;
			productReference = 6DB9948918BBA601006ECE67 /* testautolayoutTests.xctest */;
			productType = "com.apple.product-type.bundle.unit-test";
		};
/* End PBXNativeTarget section */

/* Begin PBXProject section */
		6DB9945D18BBA600006ECE67 /* Project object */ = {
			isa = PBXProject;
			attributes = {
				LastUpgradeCheck = 0500;
				ORGANIZATIONNAME = Belgacom;
				TargetAttributes = {
					6DB9948818BBA601006ECE67 = {
						TestTargetID = 6DB9946418BBA600006ECE67;
					};
				};
			};
			buildConfigurationList = 6DB9946018BBA600006ECE67 /* Build configuration list for PBXProject "testautolayout" */;
			compatibilityVersion = "Xcode 3.2";
			developmentRegion = English;
			hasScannedForEncodings = 0;
			knownRegions = (
				en,
				Base,
			);
			mainGroup = 6DB9945C18BBA600006ECE67;
			productRefGroup = 6DB9946618BBA600006ECE67 /* Products */;
			projectDirPath = "";
			projectRoot = "";
			targets = (
				6DB9946418BBA600006ECE67 /* testautolayout */,
				6DB9948818BBA601006ECE67 /* testautolayoutTests */,
			);
		};
/* End PBXProject section */

/* Begin PBXResourcesBuildPhase section */
		6DB9946318BBA600006ECE67 /* Resources */ = {
			isa = PBXResourcesBuildPhase;
			buildActionMask = 2147483647;
			files = (
				6DB9948418BBA600006ECE67 /* Images.xcassets in Resources */,
				6D84FEBA18BC951700BBBAD1 /* DialogViewController.xib in Resources */,
				DAB5C85F18C4BC8800C94CB0 /* AlertView.xib in Resources */,
				6DB9947C18BBA600006ECE67 /* Main_iPhone.storyboard in Resources */,
				6DB9947318BBA600006ECE67 /* InfoPlist.strings in Resources */,
			);
			runOnlyForDeploymentPostprocessing = 0;
		};
		6DB9948718BBA601006ECE67 /* Resources */ = {
			isa = PBXResourcesBuildPhase;
			buildActionMask = 2147483647;
			files = (
			);
			runOnlyForDeploymentPostprocessing = 0;
		};
/* End PBXResourcesBuildPhase section */

/* Begin PBXSourcesBuildPhase section */
		6DB9946118BBA600006ECE67 /* Sources */ = {
			isa = PBXSourcesBuildPhase;
			buildActionMask = 2147483647;
			files = (
				6D84FEBD18BC983900BBBAD1 /* UIView+AutoLayout.m in Sources */,
				6DB9948218BBA600006ECE67 /* ViewController.m in Sources */,
				6DB9947918BBA600006ECE67 /* AppDelegate.m in Sources */,
				DAB5C85D18C4BBA600C94CB0 /* AlertView.m in Sources */,
				6DB9947518BBA600006ECE67 /* main.m in Sources */,
				6D84FEB918BC951700BBBAD1 /* DialogViewController.m in Sources */,
			);
			runOnlyForDeploymentPostprocessing = 0;
		};
		6DB9948518BBA601006ECE67 /* Sources */ = {
			isa = PBXSourcesBuildPhase;
			buildActionMask = 2147483647;
			files = (
			);
			runOnlyForDeploymentPostprocessing = 0;
		};
/* End PBXSourcesBuildPhase section */

/* Begin PBXTargetDependency section */
		6DB9948F18BBA601006ECE67 /* PBXTargetDependency */ = {
			isa = PBXTargetDependency;
			target = 6DB9946418BBA600006ECE67 /* testautolayout */;
			targetProxy = 6DB9948E18BBA601006ECE67 /* PBXContainerItemProxy */;
		};
/* End PBXTargetDependency section */

/* Begin PBXVariantGroup section */
		6DB9947118BBA600006ECE67 /* InfoPlist.strings */ = {
			isa = PBXVariantGroup;
			children = (
				6DB9947218BBA600006ECE67 /* en */,
			);
			name = InfoPlist.strings;
			sourceTree = "<group>";
		};
		6DB9947A18BBA600006ECE67 /* Main_iPhone.storyboard */ = {
			isa = PBXVariantGroup;
			children = (
				6DB9947B18BBA600006ECE67 /* Base */,
			);
			name = Main_iPhone.storyboard;
			sourceTree = "<group>";
		};
/* End PBXVariantGroup section */

/* Begin XCBuildConfiguration section */
		6DB9949818BBA601006ECE67 /* Debug */ = {
			isa = XCBuildConfiguration;
			buildSettings = {
				ALWAYS_SEARCH_USER_PATHS = NO;
				ARCHS = "$(ARCHS_STANDARD_INCLUDING_64_BIT)";
				CLANG_CXX_LANGUAGE_STANDARD = "gnu++0x";
				CLANG_CXX_LIBRARY = "libc++";
				CLANG_ENABLE_MODULES = YES;
				CLANG_ENABLE_OBJC_ARC = YES;
				CLANG_WARN_BOOL_CONVERSION = YES;
				CLANG_WARN_CONSTANT_CONVERSION = YES;
				CLANG_WARN_DIRECT_OBJC_ISA_USAGE = YES_ERROR;
				CLANG_WARN_EMPTY_BODY = YES;
				CLANG_WARN_ENUM_CONVERSION = YES;
				CLANG_WARN_INT_CONVERSION = YES;
				CLANG_WARN_OBJC_ROOT_CLASS = YES_ERROR;
				CLANG_WARN__DUPLICATE_METHOD_MATCH = YES;
				"CODE_SIGN_IDENTITY[sdk=iphoneos*]" = "iPhone Developer";
				COPY_PHASE_STRIP = NO;
				GCC_C_LANGUAGE_STANDARD = gnu99;
				GCC_DYNAMIC_NO_PIC = NO;
				GCC_OPTIMIZATION_LEVEL = 0;
				GCC_PREPROCESSOR_DEFINITIONS = (
					"DEBUG=1",
					"$(inherited)",
				);
				GCC_SYMBOLS_PRIVATE_EXTERN = NO;
				GCC_WARN_64_TO_32_BIT_CONVERSION = YES;
				GCC_WARN_ABOUT_RETURN_TYPE = YES_ERROR;
				GCC_WARN_UNDECLARED_SELECTOR = YES;
				GCC_WARN_UNINITIALIZED_AUTOS = YES;
				GCC_WARN_UNUSED_FUNCTION = YES;
				GCC_WARN_UNUSED_VARIABLE = YES;
				IPHONEOS_DEPLOYMENT_TARGET = 7.0;
				ONLY_ACTIVE_ARCH = YES;
				SDKROOT = iphoneos;
				TARGETED_DEVICE_FAMILY = "1,2";
			};
			name = Debug;
		};
		6DB9949918BBA601006ECE67 /* Release */ = {
			isa = XCBuildConfiguration;
			buildSettings = {
				ALWAYS_SEARCH_USER_PATHS = NO;
				ARCHS = "$(ARCHS_STANDARD_INCLUDING_64_BIT)";
				CLANG_CXX_LANGUAGE_STANDARD = "gnu++0x";
				CLANG_CXX_LIBRARY = "libc++";
				CLANG_ENABLE_MODULES = YES;
				CLANG_ENABLE_OBJC_ARC = YES;
				CLANG_WARN_BOOL_CONVERSION = YES;
				CLANG_WARN_CONSTANT_CONVERSION = YES;
				CLANG_WARN_DIRECT_OBJC_ISA_USAGE = YES_ERROR;
				CLANG_WARN_EMPTY_BODY = YES;
				CLANG_WARN_ENUM_CONVERSION = YES;
				CLANG_WARN_INT_CONVERSION = YES;
				CLANG_WARN_OBJC_ROOT_CLASS = YES_ERROR;
				CLANG_WARN__DUPLICATE_METHOD_MATCH = YES;
				"CODE_SIGN_IDENTITY[sdk=iphoneos*]" = "iPhone Developer";
				COPY_PHASE_STRIP = YES;
				ENABLE_NS_ASSERTIONS = NO;
				GCC_C_LANGUAGE_STANDARD = gnu99;
				GCC_WARN_64_TO_32_BIT_CONVERSION = YES;
				GCC_WARN_ABOUT_RETURN_TYPE = YES_ERROR;
				GCC_WARN_UNDECLARED_SELECTOR = YES;
				GCC_WARN_UNINITIALIZED_AUTOS = YES;
				GCC_WARN_UNUSED_FUNCTION = YES;
				GCC_WARN_UNUSED_VARIABLE = YES;
				IPHONEOS_DEPLOYMENT_TARGET = 7.0;
				SDKROOT = iphoneos;
				TARGETED_DEVICE_FAMILY = "1,2";
				VALIDATE_PRODUCT = YES;
			};
			name = Release;
		};
		6DB9949B18BBA601006ECE67 /* Debug */ = {
			isa = XCBuildConfiguration;
			buildSettings = {
				ASSETCATALOG_COMPILER_APPICON_NAME = AppIcon;
				ASSETCATALOG_COMPILER_LAUNCHIMAGE_NAME = LaunchImage;
				GCC_PRECOMPILE_PREFIX_HEADER = YES;
				GCC_PREFIX_HEADER = "testautolayout/testautolayout-Prefix.pch";
				INFOPLIST_FILE = "testautolayout/testautolayout-Info.plist";
				PRODUCT_NAME = "$(TARGET_NAME)";
				TARGETED_DEVICE_FAMILY = 1;
				WRAPPER_EXTENSION = app;
			};
			name = Debug;
		};
		6DB9949C18BBA601006ECE67 /* Release */ = {
			isa = XCBuildConfiguration;
			buildSettings = {
				ASSETCATALOG_COMPILER_APPICON_NAME = AppIcon;
				ASSETCATALOG_COMPILER_LAUNCHIMAGE_NAME = LaunchImage;
				GCC_PRECOMPILE_PREFIX_HEADER = YES;
				GCC_PREFIX_HEADER = "testautolayout/testautolayout-Prefix.pch";
				INFOPLIST_FILE = "testautolayout/testautolayout-Info.plist";
				PRODUCT_NAME = "$(TARGET_NAME)";
				TARGETED_DEVICE_FAMILY = 1;
				WRAPPER_EXTENSION = app;
			};
			name = Release;
		};
		6DB9949E18BBA601006ECE67 /* Debug */ = {
			isa = XCBuildConfiguration;
			buildSettings = {
				ARCHS = "$(ARCHS_STANDARD_INCLUDING_64_BIT)";
				BUNDLE_LOADER = "$(BUILT_PRODUCTS_DIR)/testautolayout.app/testautolayout";
				FRAMEWORK_SEARCH_PATHS = (
					"$(SDKROOT)/Developer/Library/Frameworks",
					"$(inherited)",
					"$(DEVELOPER_FRAMEWORKS_DIR)",
				);
				GCC_PRECOMPILE_PREFIX_HEADER = YES;
				GCC_PREFIX_HEADER = "testautolayout/testautolayout-Prefix.pch";
				GCC_PREPROCESSOR_DEFINITIONS = (
					"DEBUG=1",
					"$(inherited)",
				);
				INFOPLIST_FILE = "testautolayoutTests/testautolayoutTests-Info.plist";
				PRODUCT_NAME = "$(TARGET_NAME)";
				TEST_HOST = "$(BUNDLE_LOADER)";
				WRAPPER_EXTENSION = xctest;
			};
			name = Debug;
		};
		6DB9949F18BBA601006ECE67 /* Release */ = {
			isa = XCBuildConfiguration;
			buildSettings = {
				ARCHS = "$(ARCHS_STANDARD_INCLUDING_64_BIT)";
				BUNDLE_LOADER = "$(BUILT_PRODUCTS_DIR)/testautolayout.app/testautolayout";
				FRAMEWORK_SEARCH_PATHS = (
					"$(SDKROOT)/Developer/Library/Frameworks",
					"$(inherited)",
					"$(DEVELOPER_FRAMEWORKS_DIR)",
				);
				GCC_PRECOMPILE_PREFIX_HEADER = YES;
				GCC_PREFIX_HEADER = "testautolayout/testautolayout-Prefix.pch";
				INFOPLIST_FILE = "testautolayoutTests/testautolayoutTests-Info.plist";
				PRODUCT_NAME = "$(TARGET_NAME)";
				TEST_HOST = "$(BUNDLE_LOADER)";
				WRAPPER_EXTENSION = xctest;
			};
			name = Release;
		};
/* End XCBuildConfiguration section */

/* Begin XCConfigurationList section */
		6DB9946018BBA600006ECE67 /* Build configuration list for PBXProject "testautolayout" */ = {
			isa = XCConfigurationList;
			buildConfigurations = (
				6DB9949818BBA601006ECE67 /* Debug */,
				6DB9949918BBA601006ECE67 /* Release */,
			);
			defaultConfigurationIsVisible = 0;
			defaultConfigurationName = Release;
		};
		6DB9949A18BBA601006ECE67 /* Build configuration list for PBXNativeTarget "testautolayout" */ = {
			isa = XCConfigurationList;
			buildConfigurations = (
				6DB9949B18BBA601006ECE67 /* Debug */,
				6DB9949C18BBA601006ECE67 /* Release */,
			);
			defaultConfigurationIsVisible = 0;
			defaultConfigurationName = Release;
		};
		6DB9949D18BBA601006ECE67 /* Build configuration list for PBXNativeTarget "testautolayoutTests" */ = {
			isa = XCConfigurationList;
			buildConfigurations = (
				6DB9949E18BBA601006ECE67 /* Debug */,
				6DB9949F18BBA601006ECE67 /* Release */,
			);
			defaultConfigurationIsVisible = 0;
			defaultConfigurationName = Release;
		};
/* End XCConfigurationList section */
	};
	rootObject = 6DB9945D18BBA600006ECE67 /* Project object */;
}
